
Microsoft Visual Studio Solution File, Format Version 12.00
# Visual Studio Version 16
VisualStudioVersion = 16.0.32510.428
MinimumVisualStudioVersion = 10.0.40219.1
Project("{FAE04EC0-301F-11D3-BF4B-00C04F79EFBC}") = "Justicia", "Justicia.csproj", "{31FC236E-90C0-49B9-94E4-A7F15E62F35E}"
EndProject
Global
	GlobalSection(SolutionConfigurationPlatforms) = preSolution
		Debug|Any CPU = Debug|Any CPU
		Release|Any CPU = Release|Any CPU
	EndGlobalSection
	GlobalSection(ProjectConfigurationPlatforms) = postSolution
		{31FC236E-90C0-49B9-94E4-A7F15E62F35E}.Debug|Any CPU.ActiveCfg = Debug|Any CPU
		{31FC236E-90C0-49B9-94E4-A7F15E62F35E}.Debug|Any CPU.Build.0 = Debug|Any CPU
		{31FC236E-90C0-49B9-94E4-A7F15E62F35E}.Release|Any CPU.ActiveCfg = Release|Any CPU
		{31FC236E-90C0-49B9-94E4-A7F15E62F35E}.Release|Any CPU.Build.0 = Release|Any CPU
	EndGlobalSection
	GlobalSection(SolutionProperties) = preSolution
		HideSolutionNode = FALSE
	EndGlobalSection
	GlobalSection(ExtensibilityGlobals) = postSolution
		SolutionGuid = {5CAA2501-068E-4D82-AFED-656D9C0F8281}
	EndGlobalSection
EndGlobal
